
Microsoft Visual Studio Solution File, Format Version 12.00
# Visual Studio Version 17
VisualStudioVersion = 17.2.32526.322
MinimumVisualStudioVersion = 10.0.40219.1
Project("{FAE04EC0-301F-11D3-BF4B-00C04F79EFBC}") = "Entities", "Entities\Entities.csproj", "{908D6278-3AC3-4FC6-8A89-F61460F26B88}"
EndProject
Project("{FAE04EC0-301F-11D3-BF4B-00C04F79EFBC}") = "RepositoryServicies", "ReposotoryServicies\RepositoryServicies.csproj", "{8C2842F8-37EC-4B46-85FE-17B4E2280C4E}"
EndProject
Project("{FAE04EC0-301F-11D3-BF4B-00C04F79EFBC}") = "Experiments", "Experiments\Experiments.csproj", "{3D16F828-EDAD-40A6-A375-DB8B27D7A09A}"
EndProject
Project("{FAE04EC0-301F-11D3-BF4B-00C04F79EFBC}") = "MyDatabase", "MyDatabase\MyDatabase.csproj", "{8B7F2987-5897-4A6D-968A-CE5D714C684D}"
EndProject
Project("{FAE04EC0-301F-11D3-BF4B-00C04F79EFBC}") = "WebAppHollywood", "WebAppHollywood\WebAppHollywood.csproj", "{0658D8E3-5295-4930-B3AC-0FEC2B0A6BEA}"
EndProject
Global
	GlobalSection(SolutionConfigurationPlatforms) = preSolution
		Debug|Any CPU = Debug|Any CPU
		Release|Any CPU = Release|Any CPU
	EndGlobalSection
	GlobalSection(ProjectConfigurationPlatforms) = postSolution
		{908D6278-3AC3-4FC6-8A89-F61460F26B88}.Debug|Any CPU.ActiveCfg = Debug|Any CPU
		{908D6278-3AC3-4FC6-8A89-F61460F26B88}.Debug|Any CPU.Build.0 = Debug|Any CPU
		{908D6278-3AC3-4FC6-8A89-F61460F26B88}.Release|Any CPU.ActiveCfg = Release|Any CPU
		{908D6278-3AC3-4FC6-8A89-F61460F26B88}.Release|Any CPU.Build.0 = Release|Any CPU
		{8C2842F8-37EC-4B46-85FE-17B4E2280C4E}.Debug|Any CPU.ActiveCfg = Debug|Any CPU
		{8C2842F8-37EC-4B46-85FE-17B4E2280C4E}.Debug|Any CPU.Build.0 = Debug|Any CPU
		{8C2842F8-37EC-4B46-85FE-17B4E2280C4E}.Release|Any CPU.ActiveCfg = Release|Any CPU
		{8C2842F8-37EC-4B46-85FE-17B4E2280C4E}.Release|Any CPU.Build.0 = Release|Any CPU
		{3D16F828-EDAD-40A6-A375-DB8B27D7A09A}.Debug|Any CPU.ActiveCfg = Debug|Any CPU
		{3D16F828-EDAD-40A6-A375-DB8B27D7A09A}.Debug|Any CPU.Build.0 = Debug|Any CPU
		{3D16F828-EDAD-40A6-A375-DB8B27D7A09A}.Release|Any CPU.ActiveCfg = Release|Any CPU
		{3D16F828-EDAD-40A6-A375-DB8B27D7A09A}.Release|Any CPU.Build.0 = Release|Any CPU
		{8B7F2987-5897-4A6D-968A-CE5D714C684D}.Debug|Any CPU.ActiveCfg = Debug|Any CPU
		{8B7F2987-5897-4A6D-968A-CE5D714C684D}.Debug|Any CPU.Build.0 = Debug|Any CPU
		{8B7F2987-5897-4A6D-968A-CE5D714C684D}.Release|Any CPU.ActiveCfg = Release|Any CPU
		{8B7F2987-5897-4A6D-968A-CE5D714C684D}.Release|Any CPU.Build.0 = Release|Any CPU
		{0658D8E3-5295-4930-B3AC-0FEC2B0A6BEA}.Debug|Any CPU.ActiveCfg = Debug|Any CPU
		{0658D8E3-5295-4930-B3AC-0FEC2B0A6BEA}.Debug|Any CPU.Build.0 = Debug|Any CPU
		{0658D8E3-5295-4930-B3AC-0FEC2B0A6BEA}.Release|Any CPU.ActiveCfg = Release|Any CPU
		{0658D8E3-5295-4930-B3AC-0FEC2B0A6BEA}.Release|Any CPU.Build.0 = Release|Any CPU
	EndGlobalSection
	GlobalSection(SolutionProperties) = preSolution
		HideSolutionNode = FALSE
	EndGlobalSection
	GlobalSection(ExtensibilityGlobals) = postSolution
		SolutionGuid = {A38B2E67-2F31-4D36-9C81-DB57375A2843}
	EndGlobalSection
EndGlobal
